{
  "version": 4,
  "terraform_version": "1.10.5",
  "serial": 7,
  "lineage": "51e01745-328e-654f-408a-b2e38d145c15",
  "outputs": {},
  "resources": [
    {
      "mode": "managed",
      "type": "azurerm_linux_virtual_machine",
      "name": "vm",
      "provider": "provider[\"registry.terraform.io/hashicorp/azurerm\"]",
      "instances": [
        {
          "schema_version": 0,
          "attributes": {
            "additional_capabilities": [],
            "admin_password": null,
            "admin_ssh_key": [
              {
                "public_key": "ssh-rsa AAAAB3NzaC1yc2EAAAADAQABAAACAQCiYAsDqvY4xkOz5x1epvBK1Ujq/L0Z3/Ie7AnzJ3m1kPtkn8iyXkCubs4bH+z5J3YZRPI73cqy6BPjNkSBJxn9z059LcgwueMVsYc7SFUGkLo+AMGV+0JSssS0fnOBPxKPULaIIkWGOPkcqDZ9STrSFfH4r3iPNaqj/fTdyXd/9fXX9QFGqK0e1GyX6fMhhHFS14ljTif99ykTvcWwGBlSg3FvbvWXfv//vQXUx/7d0PAok7vY9sj32DMwSVcsgq+rbg/9wn8gDC7ndD+TVwh94s++8lyTMyUgHXJRkYk61mAWpagFxE67CuJVL665N68O/y2sYnRzwSUi7JYUUsx2GyuzZJ76SXBaH63ZPbV9u6xOquGiIYCe6ONBSh0EDgzio1GcHGkM+WIykmh65dA4kavb/Svr8+1sujyCiSMyMGehsrbJDnUUlqJYYlJ+iXo+6OkobMv1vDgfqRMFbIYJK93UytoPjtpKVKRwszdivcqG7/6aD0UKiFGi79d5DpyJIzER0vASEW+lPDkBkvR6aUuuhdkhYDPZLuPlkN2FYxpyJfsxborpwYPJV9AYjAAb3BYQUvNvDSQ9Y3ML7PZoaDXKC2Z0XVMen+NGX+HE+T0vL0oT6N95yROtWMm7GHcWp6yaKLNaNm8PpKO1N8lFF/uNfhbr8E/pasdnltj8uQ== pboom@BigBoom\r\n",
                "username": "azureuser"
              }
            ],
            "admin_username": "azureuser",
            "allow_extension_operations": true,
            "availability_set_id": "",
            "boot_diagnostics": [],
            "computer_name": "terraform-ubuntu-vm",
            "custom_data": null,
            "dedicated_host_group_id": "",
            "dedicated_host_id": "",
            "disable_password_authentication": true,
            "edge_zone": "",
            "encryption_at_host_enabled": false,
            "eviction_policy": "",
            "extensions_time_budget": "PT1H30M",
            "id": "/subscriptions/4fd0f552-e068-4af4-b066-e7f4b35467e1/resourceGroups/terraform-rg/providers/Microsoft.Compute/virtualMachines/terraform-ubuntu-vm",
            "identity": [],
            "license_type": "",
            "location": "eastus",
            "max_bid_price": -1,
            "name": "terraform-ubuntu-vm",
            "network_interface_ids": [
              "/subscriptions/4fd0f552-e068-4af4-b066-e7f4b35467e1/resourceGroups/terraform-rg/providers/Microsoft.Network/networkInterfaces/terraform-nic"
            ],
            "os_disk": [
              {
                "caching": "ReadWrite",
                "diff_disk_settings": [],
                "disk_encryption_set_id": "",
                "disk_size_gb": 30,
                "name": "terraform-ubuntu-vm_disk1_16acf3e38c8e44b0a3cc5ca08e457b5c",
                "storage_account_type": "Standard_LRS",
                "write_accelerator_enabled": false
              }
            ],
            "patch_mode": "ImageDefault",
            "plan": [],
            "platform_fault_domain": -1,
            "priority": "Regular",
            "private_ip_address": "10.0.1.4",
            "private_ip_addresses": [
              "10.0.1.4"
            ],
            "provision_vm_agent": true,
            "proximity_placement_group_id": "",
            "public_ip_address": "172.190.205.79",
            "public_ip_addresses": [
              "172.190.205.79"
            ],
            "resource_group_name": "terraform-rg",
            "secret": [],
            "secure_boot_enabled": false,
            "size": "Standard_B1s",
            "source_image_id": "",
            "source_image_reference": [
              {
                "offer": "UbuntuServer",
                "publisher": "Canonical",
                "sku": "18.04-LTS",
                "version": "latest"
              }
            ],
            "tags": null,
            "termination_notification": null,
            "timeouts": null,
            "user_data": "",
            "virtual_machine_id": "5011d7b4-0682-4af1-8fc5-ba05e5927def",
            "virtual_machine_scale_set_id": "",
            "vtpm_enabled": false,
            "zone": ""
          },
          "sensitive_attributes": [
            [
              {
                "type": "get_attr",
                "value": "admin_password"
              }
            ],
            [
              {
                "type": "get_attr",
                "value": "custom_data"
              }
            ]
          ],
          "private": "eyJlMmJmYjczMC1lY2FhLTExZTYtOGY4OC0zNDM2M2JjN2M0YzAiOnsiY3JlYXRlIjoyNzAwMDAwMDAwMDAwLCJkZWxldGUiOjI3MDAwMDAwMDAwMDAsInJlYWQiOjMwMDAwMDAwMDAwMCwidXBkYXRlIjoyNzAwMDAwMDAwMDAwfX0=",
          "dependencies": [
            "azurerm_network_interface.nic",
            "azurerm_public_ip.ip",
            "azurerm_resource_group.rg",
            "azurerm_subnet.subnet",
            "azurerm_virtual_network.vnet"
          ]
        }
      ]
    },
    {
      "mode": "managed",
      "type": "azurerm_network_interface",
      "name": "nic",
      "provider": "provider[\"registry.terraform.io/hashicorp/azurerm\"]",
      "instances": [
        {
          "schema_version": 0,
          "attributes": {
            "applied_dns_servers": [],
            "dns_servers": [],
            "edge_zone": "",
            "enable_accelerated_networking": false,
            "enable_ip_forwarding": false,
            "id": "/subscriptions/4fd0f552-e068-4af4-b066-e7f4b35467e1/resourceGroups/terraform-rg/providers/Microsoft.Network/networkInterfaces/terraform-nic",
            "internal_dns_name_label": "",
            "internal_domain_name_suffix": "neqhd4ev13selptltawyq5nhbh.bx.internal.cloudapp.net",
            "ip_configuration": [
              {
                "gateway_load_balancer_frontend_ip_configuration_id": "",
                "name": "internal",
                "primary": true,
                "private_ip_address": "10.0.1.4",
                "private_ip_address_allocation": "Dynamic",
                "private_ip_address_version": "IPv4",
                "public_ip_address_id": "/subscriptions/4fd0f552-e068-4af4-b066-e7f4b35467e1/resourceGroups/terraform-rg/providers/Microsoft.Network/publicIPAddresses/terraform-public-ip",
                "subnet_id": "/subscriptions/4fd0f552-e068-4af4-b066-e7f4b35467e1/resourceGroups/terraform-rg/providers/Microsoft.Network/virtualNetworks/terraform-vnet/subnets/terraform-subnet"
              }
            ],
            "location": "eastus",
            "mac_address": "",
            "name": "terraform-nic",
            "private_ip_address": "10.0.1.4",
            "private_ip_addresses": [
              "10.0.1.4"
            ],
            "resource_group_name": "terraform-rg",
            "tags": null,
            "timeouts": null,
            "virtual_machine_id": ""
          },
          "sensitive_attributes": [],
          "private": "eyJlMmJmYjczMC1lY2FhLTExZTYtOGY4OC0zNDM2M2JjN2M0YzAiOnsiY3JlYXRlIjoxODAwMDAwMDAwMDAwLCJkZWxldGUiOjE4MDAwMDAwMDAwMDAsInJlYWQiOjMwMDAwMDAwMDAwMCwidXBkYXRlIjoxODAwMDAwMDAwMDAwfX0=",
          "dependencies": [
            "azurerm_public_ip.ip",
            "azurerm_resource_group.rg",
            "azurerm_subnet.subnet",
            "azurerm_virtual_network.vnet"
          ]
        }
      ]
    },
    {
      "mode": "managed",
      "type": "azurerm_public_ip",
      "name": "ip",
      "provider": "provider[\"registry.terraform.io/hashicorp/azurerm\"]",
      "instances": [
        {
          "schema_version": 0,
          "attributes": {
            "allocation_method": "Dynamic",
            "domain_name_label": null,
            "edge_zone": "",
            "fqdn": null,
            "id": "/subscriptions/4fd0f552-e068-4af4-b066-e7f4b35467e1/resourceGroups/terraform-rg/providers/Microsoft.Network/publicIPAddresses/terraform-public-ip",
            "idle_timeout_in_minutes": 4,
            "ip_address": "",
            "ip_tags": null,
            "ip_version": "IPv4",
            "location": "eastus",
            "name": "terraform-public-ip",
            "public_ip_prefix_id": null,
            "resource_group_name": "terraform-rg",
            "reverse_fqdn": null,
            "sku": "Basic",
            "sku_tier": "Regional",
            "tags": null,
            "timeouts": null,
            "zones": null
          },
          "sensitive_attributes": [],
          "private": "eyJlMmJmYjczMC1lY2FhLTExZTYtOGY4OC0zNDM2M2JjN2M0YzAiOnsiY3JlYXRlIjoxODAwMDAwMDAwMDAwLCJkZWxldGUiOjE4MDAwMDAwMDAwMDAsInJlYWQiOjMwMDAwMDAwMDAwMCwidXBkYXRlIjoxODAwMDAwMDAwMDAwfX0=",
          "dependencies": [
            "azurerm_resource_group.rg"
          ]
        }
      ]
    },
    {
      "mode": "managed",
      "type": "azurerm_resource_group",
      "name": "rg",
      "provider": "provider[\"registry.terraform.io/hashicorp/azurerm\"]",
      "instances": [
        {
          "schema_version": 0,
          "attributes": {
            "id": "/subscriptions/4fd0f552-e068-4af4-b066-e7f4b35467e1/resourceGroups/terraform-rg",
            "location": "eastus",
            "name": "terraform-rg",
            "tags": null,
            "timeouts": null
          },
          "sensitive_attributes": [],
          "private": "eyJlMmJmYjczMC1lY2FhLTExZTYtOGY4OC0zNDM2M2JjN2M0YzAiOnsiY3JlYXRlIjo1NDAwMDAwMDAwMDAwLCJkZWxldGUiOjU0MDAwMDAwMDAwMDAsInJlYWQiOjMwMDAwMDAwMDAwMCwidXBkYXRlIjo1NDAwMDAwMDAwMDAwfX0="
        }
      ]
    },
    {
      "mode": "managed",
      "type": "azurerm_subnet",
      "name": "subnet",
      "provider": "provider[\"registry.terraform.io/hashicorp/azurerm\"]",
      "instances": [
        {
          "schema_version": 0,
          "attributes": {
            "address_prefixes": [
              "10.0.1.0/24"
            ],
            "delegation": [],
            "enforce_private_link_endpoint_network_policies": false,
            "enforce_private_link_service_network_policies": false,
            "id": "/subscriptions/4fd0f552-e068-4af4-b066-e7f4b35467e1/resourceGroups/terraform-rg/providers/Microsoft.Network/virtualNetworks/terraform-vnet/subnets/terraform-subnet",
            "name": "terraform-subnet",
            "resource_group_name": "terraform-rg",
            "service_endpoint_policy_ids": null,
            "service_endpoints": null,
            "timeouts": null,
            "virtual_network_name": "terraform-vnet"
          },
          "sensitive_attributes": [],
          "private": "eyJlMmJmYjczMC1lY2FhLTExZTYtOGY4OC0zNDM2M2JjN2M0YzAiOnsiY3JlYXRlIjoxODAwMDAwMDAwMDAwLCJkZWxldGUiOjE4MDAwMDAwMDAwMDAsInJlYWQiOjMwMDAwMDAwMDAwMCwidXBkYXRlIjoxODAwMDAwMDAwMDAwfX0=",
          "dependencies": [
            "azurerm_resource_group.rg",
            "azurerm_virtual_network.vnet"
          ]
        }
      ]
    },
    {
      "mode": "managed",
      "type": "azurerm_virtual_network",
      "name": "vnet",
      "provider": "provider[\"registry.terraform.io/hashicorp/azurerm\"]",
      "instances": [
        {
          "schema_version": 0,
          "attributes": {
            "address_space": [
              "10.0.0.0/16"
            ],
            "bgp_community": "",
            "ddos_protection_plan": [],
            "dns_servers": [],
            "edge_zone": "",
            "flow_timeout_in_minutes": 0,
            "guid": "f8712069-df95-4564-be6b-982d887da70f",
            "id": "/subscriptions/4fd0f552-e068-4af4-b066-e7f4b35467e1/resourceGroups/terraform-rg/providers/Microsoft.Network/virtualNetworks/terraform-vnet",
            "location": "eastus",
            "name": "terraform-vnet",
            "resource_group_name": "terraform-rg",
            "subnet": [],
            "tags": null,
            "timeouts": null
          },
          "sensitive_attributes": [],
          "private": "eyJlMmJmYjczMC1lY2FhLTExZTYtOGY4OC0zNDM2M2JjN2M0YzAiOnsiY3JlYXRlIjoxODAwMDAwMDAwMDAwLCJkZWxldGUiOjE4MDAwMDAwMDAwMDAsInJlYWQiOjMwMDAwMDAwMDAwMCwidXBkYXRlIjoxODAwMDAwMDAwMDAwfX0=",
          "dependencies": [
            "azurerm_resource_group.rg"
          ]
        }
      ]
    }
  ],
  "check_results": null
}
